# THIS IS AN AUTOGENERATED FILE. DO NOT EDIT THIS FILE DIRECTLY.
# yarn lockfile v1


binascii@^0.0.2:
  version "0.0.2"
  resolved "https://registry.yarnpkg.com/binascii/-/binascii-0.0.2.tgz#a7f8a8801dbccf8b1756b743daa0fee9e2d9e0ee"
  integrity sha1-p/iogB28z4sXVrdD2qD+6eLZ4O4=

crypto-random-string@^3.3.0:
  version "3.3.0"
  resolved "https://registry.yarnpkg.com/crypto-random-string/-/crypto-random-string-3.3.0.tgz#c7a4682b2a87146a1f8b7378ea2606f95775e7e6"
  integrity sha512-teWAwfMb1d6brahYyKqcBEb5Yp8PJPvPOdOonXDnvaKOTmKDFNVE8E3Y2XQuzjNV/3XMwHbrX9fHWvrhRKt4Gg==
  dependencies:
    type-fest "^0.8.1"

type-fest@^0.8.1:
  version "0.8.1"
  resolved "https://registry.yarnpkg.com/type-fest/-/type-fest-0.8.1.tgz#09e249ebde851d3b1e48d27c105444667f17b83d"
  integrity sha512-4dbzIzqvjtgiM5rw1k5rEHtBANKmdudhGyBEajN01fEyhaAIhsoKNy6y7+IN93IfpFtwY9iqi7kD+xwKhQsNJA==
